
Microsoft Visual Studio Solution File, Format Version 12.00
# Visual Studio Version 17
VisualStudioVersion = 17.10.35013.160
MinimumVisualStudioVersion = 10.0.40219.1
Project("{FAE04EC0-301F-11D3-BF4B-00C04F79EFBC}") = "MatchServer", "MatchServer.csproj", "{336234A1-7534-4209-8186-EBA6DBE64D3B}"
EndProject
Global
	GlobalSection(SolutionConfigurationPlatforms) = preSolution
		Debug|Any CPU = Debug|Any CPU
		Release|Any CPU = Release|Any CPU
	EndGlobalSection
	GlobalSection(ProjectConfigurationPlatforms) = postSolution
		{336234A1-7534-4209-8186-EBA6DBE64D3B}.Debug|Any CPU.ActiveCfg = Debug|Any CPU
		{336234A1-7534-4209-8186-EBA6DBE64D3B}.Debug|Any CPU.Build.0 = Debug|Any CPU
		{336234A1-7534-4209-8186-EBA6DBE64D3B}.Release|Any CPU.ActiveCfg = Release|Any CPU
		{336234A1-7534-4209-8186-EBA6DBE64D3B}.Release|Any CPU.Build.0 = Release|Any CPU
	EndGlobalSection
	GlobalSection(SolutionProperties) = preSolution
		HideSolutionNode = FALSE
	EndGlobalSection
	GlobalSection(ExtensibilityGlobals) = postSolution
		SolutionGuid = {52395C5E-28FF-4629-B723-ECFA4F3C4363}
	EndGlobalSection
EndGlobal
